
Microsoft Visual Studio Solution File, Format Version 12.00
# Visual Studio Version 17
VisualStudioVersion = 17.6.33723.286
MinimumVisualStudioVersion = 10.0.40219.1
Project("{888888A0-9F3D-457C-B088-3A5042F75D52}") = "7.2", "7.2.pyproj", "{73875A2D-05BC-4A90-954E-CF4503B140F4}"
EndProject
Global
	GlobalSection(SolutionConfigurationPlatforms) = preSolution
		Debug|Any CPU = Debug|Any CPU
		Release|Any CPU = Release|Any CPU
	EndGlobalSection
	GlobalSection(ProjectConfigurationPlatforms) = postSolution
		{73875A2D-05BC-4A90-954E-CF4503B140F4}.Debug|Any CPU.ActiveCfg = Debug|Any CPU
		{73875A2D-05BC-4A90-954E-CF4503B140F4}.Release|Any CPU.ActiveCfg = Release|Any CPU
	EndGlobalSection
	GlobalSection(SolutionProperties) = preSolution
		HideSolutionNode = FALSE
	EndGlobalSection
	GlobalSection(ExtensibilityGlobals) = postSolution
		SolutionGuid = {567B2DFD-509A-4FDB-ADA5-D54A3C951378}
	EndGlobalSection
EndGlobal
